
Microsoft Visual Studio Solution File, Format Version 11.00
# Visual Studio 2010
Project("{FAE04EC0-301F-11D3-BF4B-00C04F79EFBC}") = "Cassette", "Cassette\Cassette.csproj", "{2306E27C-874B-4229-8831-FF905BC2465E}"
EndProject
Project("{FAE04EC0-301F-11D3-BF4B-00C04F79EFBC}") = "Xamarin.Juice.iOS", "..\..\Developer\Xamarin.Juice\Xamarin.Juice.iOS\Xamarin.Juice.iOS.csproj", "{B37F93BA-7950-41A0-9C6E-C7911FDC5AD9}"
EndProject
Global
	GlobalSection(SolutionConfigurationPlatforms) = preSolution
		Debug|iPhoneSimulator = Debug|iPhoneSimulator
		Release|iPhoneSimulator = Release|iPhoneSimulator
		Debug|iPhone = Debug|iPhone
		Release|iPhone = Release|iPhone
		Ad-Hoc|iPhone = Ad-Hoc|iPhone
		AppStore|iPhone = AppStore|iPhone
	EndGlobalSection
	GlobalSection(ProjectConfigurationPlatforms) = postSolution
		{2306E27C-874B-4229-8831-FF905BC2465E}.Ad-Hoc|iPhone.ActiveCfg = Ad-Hoc|iPhone
		{2306E27C-874B-4229-8831-FF905BC2465E}.Ad-Hoc|iPhone.Build.0 = Ad-Hoc|iPhone
		{2306E27C-874B-4229-8831-FF905BC2465E}.AppStore|iPhone.ActiveCfg = AppStore|iPhone
		{2306E27C-874B-4229-8831-FF905BC2465E}.AppStore|iPhone.Build.0 = AppStore|iPhone
		{2306E27C-874B-4229-8831-FF905BC2465E}.Debug|iPhone.ActiveCfg = Debug|iPhone
		{2306E27C-874B-4229-8831-FF905BC2465E}.Debug|iPhone.Build.0 = Debug|iPhone
		{2306E27C-874B-4229-8831-FF905BC2465E}.Debug|iPhoneSimulator.ActiveCfg = Debug|iPhoneSimulator
		{2306E27C-874B-4229-8831-FF905BC2465E}.Debug|iPhoneSimulator.Build.0 = Debug|iPhoneSimulator
		{2306E27C-874B-4229-8831-FF905BC2465E}.Release|iPhone.ActiveCfg = Release|iPhone
		{2306E27C-874B-4229-8831-FF905BC2465E}.Release|iPhone.Build.0 = Release|iPhone
		{2306E27C-874B-4229-8831-FF905BC2465E}.Release|iPhoneSimulator.ActiveCfg = Release|iPhoneSimulator
		{2306E27C-874B-4229-8831-FF905BC2465E}.Release|iPhoneSimulator.Build.0 = Release|iPhoneSimulator
		{B37F93BA-7950-41A0-9C6E-C7911FDC5AD9}.Ad-Hoc|iPhone.ActiveCfg = Release|Any CPU
		{B37F93BA-7950-41A0-9C6E-C7911FDC5AD9}.Ad-Hoc|iPhone.Build.0 = Release|Any CPU
		{B37F93BA-7950-41A0-9C6E-C7911FDC5AD9}.AppStore|iPhone.ActiveCfg = Release|Any CPU
		{B37F93BA-7950-41A0-9C6E-C7911FDC5AD9}.AppStore|iPhone.Build.0 = Release|Any CPU
		{B37F93BA-7950-41A0-9C6E-C7911FDC5AD9}.Debug|iPhone.ActiveCfg = Debug|Any CPU
		{B37F93BA-7950-41A0-9C6E-C7911FDC5AD9}.Debug|iPhone.Build.0 = Debug|Any CPU
		{B37F93BA-7950-41A0-9C6E-C7911FDC5AD9}.Debug|iPhoneSimulator.ActiveCfg = Debug|Any CPU
		{B37F93BA-7950-41A0-9C6E-C7911FDC5AD9}.Debug|iPhoneSimulator.Build.0 = Debug|Any CPU
		{B37F93BA-7950-41A0-9C6E-C7911FDC5AD9}.Release|iPhone.ActiveCfg = Release|Any CPU
		{B37F93BA-7950-41A0-9C6E-C7911FDC5AD9}.Release|iPhone.Build.0 = Release|Any CPU
		{B37F93BA-7950-41A0-9C6E-C7911FDC5AD9}.Release|iPhoneSimulator.ActiveCfg = Release|Any CPU
		{B37F93BA-7950-41A0-9C6E-C7911FDC5AD9}.Release|iPhoneSimulator.Build.0 = Release|Any CPU
	EndGlobalSection
	GlobalSection(MonoDevelopProperties) = preSolution
		StartupItem = Cassette\Cassette.csproj
	EndGlobalSection
EndGlobal
